
Microsoft Visual Studio Solution File, Format Version 12.00
# Visual Studio Version 17
VisualStudioVersion = 17.0.32014.148
MinimumVisualStudioVersion = 10.0.40219.1
Project("{FAE04EC0-301F-11D3-BF4B-00C04F79EFBC}") = "ritegeapp.UWP", "ritegeapp\ritegeapp.UWP\ritegeapp.UWP.csproj", "{DAE373A6-AE92-41FD-9D2F-D50FE64BBA02}"
EndProject
Project("{FAE04EC0-301F-11D3-BF4B-00C04F79EFBC}") = "ritegeapp.Android", "ritegeapp\ritegeapp.Android\ritegeapp.Android.csproj", "{9685AF98-867D-431E-9CA4-66708167F155}"
EndProject
Project("{FAE04EC0-301F-11D3-BF4B-00C04F79EFBC}") = "ritegeapp.iOS", "ritegeapp\ritegeapp.iOS\ritegeapp.iOS.csproj", "{351AF281-7D15-4E0F-BF7C-18C388187317}"
EndProject
Project("{9A19103F-16F7-4668-BE54-9A1E7A4F7556}") = "ritegeapp", "ritegeapp\ritegeapp\ritegeapp.csproj", "{A5E0045C-CFE2-40D7-940B-40BAB85F8989}"
EndProject
Project("{9A19103F-16F7-4668-BE54-9A1E7A4F7556}") = "RitegeServer", "RitegeServer\RitegeServer.csproj", "{7A1D1C1E-9B0A-4A13-9578-95E2D2C20C95}"
EndProject
Project("{FAE04EC0-301F-11D3-BF4B-00C04F79EFBC}") = "RitegeDomain", "RitegeDomain\RitegeDomain.csproj", "{34348380-8B7A-4312-B588-D40285C20B01}"
EndProject
Global
	GlobalSection(SolutionConfigurationPlatforms) = preSolution
		Debug|Any CPU = Debug|Any CPU
		Debug|ARM = Debug|ARM
		Debug|iPhone = Debug|iPhone
		Debug|iPhoneSimulator = Debug|iPhoneSimulator
		Debug|x64 = Debug|x64
		Debug|x86 = Debug|x86
		Release|Any CPU = Release|Any CPU
		Release|ARM = Release|ARM
		Release|iPhone = Release|iPhone
		Release|iPhoneSimulator = Release|iPhoneSimulator
		Release|x64 = Release|x64
		Release|x86 = Release|x86
	EndGlobalSection
	GlobalSection(ProjectConfigurationPlatforms) = postSolution
		{DAE373A6-AE92-41FD-9D2F-D50FE64BBA02}.Debug|Any CPU.ActiveCfg = Debug|x64
		{DAE373A6-AE92-41FD-9D2F-D50FE64BBA02}.Debug|Any CPU.Build.0 = Debug|x64
		{DAE373A6-AE92-41FD-9D2F-D50FE64BBA02}.Debug|Any CPU.Deploy.0 = Debug|x64
		{DAE373A6-AE92-41FD-9D2F-D50FE64BBA02}.Debug|ARM.ActiveCfg = Debug|ARM
		{DAE373A6-AE92-41FD-9D2F-D50FE64BBA02}.Debug|ARM.Build.0 = Debug|ARM
		{DAE373A6-AE92-41FD-9D2F-D50FE64BBA02}.Debug|ARM.Deploy.0 = Debug|ARM
		{DAE373A6-AE92-41FD-9D2F-D50FE64BBA02}.Debug|iPhone.ActiveCfg = Debug|x64
		{DAE373A6-AE92-41FD-9D2F-D50FE64BBA02}.Debug|iPhone.Build.0 = Debug|x64
		{DAE373A6-AE92-41FD-9D2F-D50FE64BBA02}.Debug|iPhone.Deploy.0 = Debug|x64
		{DAE373A6-AE92-41FD-9D2F-D50FE64BBA02}.Debug|iPhoneSimulator.ActiveCfg = Debug|x64
		{DAE373A6-AE92-41FD-9D2F-D50FE64BBA02}.Debug|iPhoneSimulator.Build.0 = Debug|x64
		{DAE373A6-AE92-41FD-9D2F-D50FE64BBA02}.Debug|iPhoneSimulator.Deploy.0 = Debug|x64
		{DAE373A6-AE92-41FD-9D2F-D50FE64BBA02}.Debug|x64.ActiveCfg = Debug|x64
		{DAE373A6-AE92-41FD-9D2F-D50FE64BBA02}.Debug|x64.Build.0 = Debug|x64
		{DAE373A6-AE92-41FD-9D2F-D50FE64BBA02}.Debug|x64.Deploy.0 = Debug|x64
		{DAE373A6-AE92-41FD-9D2F-D50FE64BBA02}.Debug|x86.ActiveCfg = Debug|x86
		{DAE373A6-AE92-41FD-9D2F-D50FE64BBA02}.Debug|x86.Build.0 = Debug|x86
		{DAE373A6-AE92-41FD-9D2F-D50FE64BBA02}.Debug|x86.Deploy.0 = Debug|x86
		{DAE373A6-AE92-41FD-9D2F-D50FE64BBA02}.Release|Any CPU.ActiveCfg = Release|x64
		{DAE373A6-AE92-41FD-9D2F-D50FE64BBA02}.Release|Any CPU.Build.0 = Release|x64
		{DAE373A6-AE92-41FD-9D2F-D50FE64BBA02}.Release|Any CPU.Deploy.0 = Release|x64
		{DAE373A6-AE92-41FD-9D2F-D50FE64BBA02}.Release|ARM.ActiveCfg = Release|ARM
		{DAE373A6-AE92-41FD-9D2F-D50FE64BBA02}.Release|ARM.Build.0 = Release|ARM
		{DAE373A6-AE92-41FD-9D2F-D50FE64BBA02}.Release|ARM.Deploy.0 = Release|ARM
		{DAE373A6-AE92-41FD-9D2F-D50FE64BBA02}.Release|iPhone.ActiveCfg = Release|x64
		{DAE373A6-AE92-41FD-9D2F-D50FE64BBA02}.Release|iPhone.Build.0 = Release|x64
		{DAE373A6-AE92-41FD-9D2F-D50FE64BBA02}.Release|iPhone.Deploy.0 = Release|x64
		{DAE373A6-AE92-41FD-9D2F-D50FE64BBA02}.Release|iPhoneSimulator.ActiveCfg = Release|x64
		{DAE373A6-AE92-41FD-9D2F-D50FE64BBA02}.Release|iPhoneSimulator.Build.0 = Release|x64
		{DAE373A6-AE92-41FD-9D2F-D50FE64BBA02}.Release|iPhoneSimulator.Deploy.0 = Release|x64
		{DAE373A6-AE92-41FD-9D2F-D50FE64BBA02}.Release|x64.ActiveCfg = Release|x64
		{DAE373A6-AE92-41FD-9D2F-D50FE64BBA02}.Release|x64.Build.0 = Release|x64
		{DAE373A6-AE92-41FD-9D2F-D50FE64BBA02}.Release|x64.Deploy.0 = Release|x64
		{DAE373A6-AE92-41FD-9D2F-D50FE64BBA02}.Release|x86.ActiveCfg = Release|x86
		{DAE373A6-AE92-41FD-9D2F-D50FE64BBA02}.Release|x86.Build.0 = Release|x86
		{DAE373A6-AE92-41FD-9D2F-D50FE64BBA02}.Release|x86.Deploy.0 = Release|x86
		{9685AF98-867D-431E-9CA4-66708167F155}.Debug|Any CPU.ActiveCfg = Debug|Any CPU
		{9685AF98-867D-431E-9CA4-66708167F155}.Debug|Any CPU.Build.0 = Debug|Any CPU
		{9685AF98-867D-431E-9CA4-66708167F155}.Debug|Any CPU.Deploy.0 = Debug|Any CPU
		{9685AF98-867D-431E-9CA4-66708167F155}.Debug|ARM.ActiveCfg = Debug|Any CPU
		{9685AF98-867D-431E-9CA4-66708167F155}.Debug|ARM.Build.0 = Debug|Any CPU
		{9685AF98-867D-431E-9CA4-66708167F155}.Debug|ARM.Deploy.0 = Debug|Any CPU
		{9685AF98-867D-431E-9CA4-66708167F155}.Debug|iPhone.ActiveCfg = Debug|Any CPU
		{9685AF98-867D-431E-9CA4-66708167F155}.Debug|iPhone.Build.0 = Debug|Any CPU
		{9685AF98-867D-431E-9CA4-66708167F155}.Debug|iPhone.Deploy.0 = Debug|Any CPU
		{9685AF98-867D-431E-9CA4-66708167F155}.Debug|iPhoneSimulator.ActiveCfg = Debug|Any CPU
		{9685AF98-867D-431E-9CA4-66708167F155}.Debug|iPhoneSimulator.Build.0 = Debug|Any CPU
		{9685AF98-867D-431E-9CA4-66708167F155}.Debug|iPhoneSimulator.Deploy.0 = Debug|Any CPU
		{9685AF98-867D-431E-9CA4-66708167F155}.Debug|x64.ActiveCfg = Debug|Any CPU
		{9685AF98-867D-431E-9CA4-66708167F155}.Debug|x64.Build.0 = Debug|Any CPU
		{9685AF98-867D-431E-9CA4-66708167F155}.Debug|x64.Deploy.0 = Debug|Any CPU
		{9685AF98-867D-431E-9CA4-66708167F155}.Debug|x86.ActiveCfg = Debug|Any CPU
		{9685AF98-867D-431E-9CA4-66708167F155}.Debug|x86.Build.0 = Debug|Any CPU
		{9685AF98-867D-431E-9CA4-66708167F155}.Debug|x86.Deploy.0 = Debug|Any CPU
		{9685AF98-867D-431E-9CA4-66708167F155}.Release|Any CPU.ActiveCfg = Release|Any CPU
		{9685AF98-867D-431E-9CA4-66708167F155}.Release|Any CPU.Build.0 = Release|Any CPU
		{9685AF98-867D-431E-9CA4-66708167F155}.Release|Any CPU.Deploy.0 = Release|Any CPU
		{9685AF98-867D-431E-9CA4-66708167F155}.Release|ARM.ActiveCfg = Release|Any CPU
		{9685AF98-867D-431E-9CA4-66708167F155}.Release|ARM.Build.0 = Release|Any CPU
		{9685AF98-867D-431E-9CA4-66708167F155}.Release|ARM.Deploy.0 = Release|Any CPU
		{9685AF98-867D-431E-9CA4-66708167F155}.Release|iPhone.ActiveCfg = Release|Any CPU
		{9685AF98-867D-431E-9CA4-66708167F155}.Release|iPhone.Build.0 = Release|Any CPU
		{9685AF98-867D-431E-9CA4-66708167F155}.Release|iPhone.Deploy.0 = Release|Any CPU
		{9685AF98-867D-431E-9CA4-66708167F155}.Release|iPhoneSimulator.ActiveCfg = Release|Any CPU
		{9685AF98-867D-431E-9CA4-66708167F155}.Release|iPhoneSimulator.Build.0 = Release|Any CPU
		{9685AF98-867D-431E-9CA4-66708167F155}.Release|iPhoneSimulator.Deploy.0 = Release|Any CPU
		{9685AF98-867D-431E-9CA4-66708167F155}.Release|x64.ActiveCfg = Release|Any CPU
		{9685AF98-867D-431E-9CA4-66708167F155}.Release|x64.Build.0 = Release|Any CPU
		{9685AF98-867D-431E-9CA4-66708167F155}.Release|x64.Deploy.0 = Release|Any CPU
		{9685AF98-867D-431E-9CA4-66708167F155}.Release|x86.ActiveCfg = Release|Any CPU
		{9685AF98-867D-431E-9CA4-66708167F155}.Release|x86.Build.0 = Release|Any CPU
		{9685AF98-867D-431E-9CA4-66708167F155}.Release|x86.Deploy.0 = Release|Any CPU
		{351AF281-7D15-4E0F-BF7C-18C388187317}.Debug|Any CPU.ActiveCfg = Debug|iPhoneSimulator
		{351AF281-7D15-4E0F-BF7C-18C388187317}.Debug|Any CPU.Deploy.0 = Debug|iPhoneSimulator
		{351AF281-7D15-4E0F-BF7C-18C388187317}.Debug|ARM.ActiveCfg = Debug|iPhoneSimulator
		{351AF281-7D15-4E0F-BF7C-18C388187317}.Debug|ARM.Build.0 = Debug|iPhoneSimulator
		{351AF281-7D15-4E0F-BF7C-18C388187317}.Debug|ARM.Deploy.0 = Debug|iPhoneSimulator
		{351AF281-7D15-4E0F-BF7C-18C388187317}.Debug|iPhone.ActiveCfg = Debug|iPhone
		{351AF281-7D15-4E0F-BF7C-18C388187317}.Debug|iPhone.Build.0 = Debug|iPhone
		{351AF281-7D15-4E0F-BF7C-18C388187317}.Debug|iPhone.Deploy.0 = Debug|iPhone
		{351AF281-7D15-4E0F-BF7C-18C388187317}.Debug|iPhoneSimulator.ActiveCfg = Debug|iPhoneSimulator
		{351AF281-7D15-4E0F-BF7C-18C388187317}.Debug|iPhoneSimulator.Build.0 = Debug|iPhoneSimulator
		{351AF281-7D15-4E0F-BF7C-18C388187317}.Debug|iPhoneSimulator.Deploy.0 = Debug|iPhoneSimulator
		{351AF281-7D15-4E0F-BF7C-18C388187317}.Debug|x64.ActiveCfg = Debug|iPhone
		{351AF281-7D15-4E0F-BF7C-18C388187317}.Debug|x64.Build.0 = Debug|iPhone
		{351AF281-7D15-4E0F-BF7C-18C388187317}.Debug|x64.Deploy.0 = Debug|iPhone
		{351AF281-7D15-4E0F-BF7C-18C388187317}.Debug|x86.ActiveCfg = Debug|iPhoneSimulator
		{351AF281-7D15-4E0F-BF7C-18C388187317}.Debug|x86.Build.0 = Debug|iPhoneSimulator
		{351AF281-7D15-4E0F-BF7C-18C388187317}.Debug|x86.Deploy.0 = Debug|iPhoneSimulator
		{351AF281-7D15-4E0F-BF7C-18C388187317}.Release|Any CPU.ActiveCfg = Release|iPhoneSimulator
		{351AF281-7D15-4E0F-BF7C-18C388187317}.Release|Any CPU.Build.0 = Release|iPhoneSimulator
		{351AF281-7D15-4E0F-BF7C-18C388187317}.Release|Any CPU.Deploy.0 = Release|iPhoneSimulator
		{351AF281-7D15-4E0F-BF7C-18C388187317}.Release|ARM.ActiveCfg = Release|iPhoneSimulator
		{351AF281-7D15-4E0F-BF7C-18C388187317}.Release|ARM.Build.0 = Release|iPhoneSimulator
		{351AF281-7D15-4E0F-BF7C-18C388187317}.Release|ARM.Deploy.0 = Release|iPhoneSimulator
		{351AF281-7D15-4E0F-BF7C-18C388187317}.Release|iPhone.ActiveCfg = Release|iPhone
		{351AF281-7D15-4E0F-BF7C-18C388187317}.Release|iPhone.Build.0 = Release|iPhone
		{351AF281-7D15-4E0F-BF7C-18C388187317}.Release|iPhone.Deploy.0 = Release|iPhone
		{351AF281-7D15-4E0F-BF7C-18C388187317}.Release|iPhoneSimulator.ActiveCfg = Release|iPhoneSimulator
		{351AF281-7D15-4E0F-BF7C-18C388187317}.Release|iPhoneSimulator.Build.0 = Release|iPhoneSimulator
		{351AF281-7D15-4E0F-BF7C-18C388187317}.Release|iPhoneSimulator.Deploy.0 = Release|iPhoneSimulator
		{351AF281-7D15-4E0F-BF7C-18C388187317}.Release|x64.ActiveCfg = Release|iPhoneSimulator
		{351AF281-7D15-4E0F-BF7C-18C388187317}.Release|x64.Build.0 = Release|iPhoneSimulator
		{351AF281-7D15-4E0F-BF7C-18C388187317}.Release|x64.Deploy.0 = Release|iPhoneSimulator
		{351AF281-7D15-4E0F-BF7C-18C388187317}.Release|x86.ActiveCfg = Release|iPhoneSimulator
		{351AF281-7D15-4E0F-BF7C-18C388187317}.Release|x86.Build.0 = Release|iPhoneSimulator
		{351AF281-7D15-4E0F-BF7C-18C388187317}.Release|x86.Deploy.0 = Release|iPhoneSimulator
		{A5E0045C-CFE2-40D7-940B-40BAB85F8989}.Debug|Any CPU.ActiveCfg = Debug|Any CPU
		{A5E0045C-CFE2-40D7-940B-40BAB85F8989}.Debug|Any CPU.Build.0 = Debug|Any CPU
		{A5E0045C-CFE2-40D7-940B-40BAB85F8989}.Debug|Any CPU.Deploy.0 = Debug|Any CPU
		{A5E0045C-CFE2-40D7-940B-40BAB85F8989}.Debug|ARM.ActiveCfg = Debug|Any CPU
		{A5E0045C-CFE2-40D7-940B-40BAB85F8989}.Debug|ARM.Build.0 = Debug|Any CPU
		{A5E0045C-CFE2-40D7-940B-40BAB85F8989}.Debug|ARM.Deploy.0 = Debug|Any CPU
		{A5E0045C-CFE2-40D7-940B-40BAB85F8989}.Debug|iPhone.ActiveCfg = Debug|Any CPU
		{A5E0045C-CFE2-40D7-940B-40BAB85F8989}.Debug|iPhone.Build.0 = Debug|Any CPU
		{A5E0045C-CFE2-40D7-940B-40BAB85F8989}.Debug|iPhone.Deploy.0 = Debug|Any CPU
		{A5E0045C-CFE2-40D7-940B-40BAB85F8989}.Debug|iPhoneSimulator.ActiveCfg = Debug|Any CPU
		{A5E0045C-CFE2-40D7-940B-40BAB85F8989}.Debug|iPhoneSimulator.Build.0 = Debug|Any CPU
		{A5E0045C-CFE2-40D7-940B-40BAB85F8989}.Debug|iPhoneSimulator.Deploy.0 = Debug|Any CPU
		{A5E0045C-CFE2-40D7-940B-40BAB85F8989}.Debug|x64.ActiveCfg = Debug|Any CPU
		{A5E0045C-CFE2-40D7-940B-40BAB85F8989}.Debug|x64.Build.0 = Debug|Any CPU
		{A5E0045C-CFE2-40D7-940B-40BAB85F8989}.Debug|x64.Deploy.0 = Debug|Any CPU
		{A5E0045C-CFE2-40D7-940B-40BAB85F8989}.Debug|x86.ActiveCfg = Debug|Any CPU
		{A5E0045C-CFE2-40D7-940B-40BAB85F8989}.Debug|x86.Build.0 = Debug|Any CPU
		{A5E0045C-CFE2-40D7-940B-40BAB85F8989}.Debug|x86.Deploy.0 = Debug|Any CPU
		{A5E0045C-CFE2-40D7-940B-40BAB85F8989}.Release|Any CPU.ActiveCfg = Release|Any CPU
		{A5E0045C-CFE2-40D7-940B-40BAB85F8989}.Release|Any CPU.Build.0 = Release|Any CPU
		{A5E0045C-CFE2-40D7-940B-40BAB85F8989}.Release|Any CPU.Deploy.0 = Release|Any CPU
		{A5E0045C-CFE2-40D7-940B-40BAB85F8989}.Release|ARM.ActiveCfg = Release|Any CPU
		{A5E0045C-CFE2-40D7-940B-40BAB85F8989}.Release|ARM.Build.0 = Release|Any CPU
		{A5E0045C-CFE2-40D7-940B-40BAB85F8989}.Release|ARM.Deploy.0 = Release|Any CPU
		{A5E0045C-CFE2-40D7-940B-40BAB85F8989}.Release|iPhone.ActiveCfg = Release|Any CPU
		{A5E0045C-CFE2-40D7-940B-40BAB85F8989}.Release|iPhone.Build.0 = Release|Any CPU
		{A5E0045C-CFE2-40D7-940B-40BAB85F8989}.Release|iPhone.Deploy.0 = Release|Any CPU
		{A5E0045C-CFE2-40D7-940B-40BAB85F8989}.Release|iPhoneSimulator.ActiveCfg = Release|Any CPU
		{A5E0045C-CFE2-40D7-940B-40BAB85F8989}.Release|iPhoneSimulator.Build.0 = Release|Any CPU
		{A5E0045C-CFE2-40D7-940B-40BAB85F8989}.Release|iPhoneSimulator.Deploy.0 = Release|Any CPU
		{A5E0045C-CFE2-40D7-940B-40BAB85F8989}.Release|x64.ActiveCfg = Release|Any CPU
		{A5E0045C-CFE2-40D7-940B-40BAB85F8989}.Release|x64.Build.0 = Release|Any CPU
		{A5E0045C-CFE2-40D7-940B-40BAB85F8989}.Release|x64.Deploy.0 = Release|Any CPU
		{A5E0045C-CFE2-40D7-940B-40BAB85F8989}.Release|x86.ActiveCfg = Release|Any CPU
		{A5E0045C-CFE2-40D7-940B-40BAB85F8989}.Release|x86.Build.0 = Release|Any CPU
		{A5E0045C-CFE2-40D7-940B-40BAB85F8989}.Release|x86.Deploy.0 = Release|Any CPU
		{7A1D1C1E-9B0A-4A13-9578-95E2D2C20C95}.Debug|Any CPU.ActiveCfg = Debug|Any CPU
		{7A1D1C1E-9B0A-4A13-9578-95E2D2C20C95}.Debug|Any CPU.Build.0 = Debug|Any CPU
		{7A1D1C1E-9B0A-4A13-9578-95E2D2C20C95}.Debug|ARM.ActiveCfg = Debug|Any CPU
		{7A1D1C1E-9B0A-4A13-9578-95E2D2C20C95}.Debug|ARM.Build.0 = Debug|Any CPU
		{7A1D1C1E-9B0A-4A13-9578-95E2D2C20C95}.Debug|iPhone.ActiveCfg = Debug|Any CPU
		{7A1D1C1E-9B0A-4A13-9578-95E2D2C20C95}.Debug|iPhone.Build.0 = Debug|Any CPU
		{7A1D1C1E-9B0A-4A13-9578-95E2D2C20C95}.Debug|iPhoneSimulator.ActiveCfg = Debug|Any CPU
		{7A1D1C1E-9B0A-4A13-9578-95E2D2C20C95}.Debug|iPhoneSimulator.Build.0 = Debug|Any CPU
		{7A1D1C1E-9B0A-4A13-9578-95E2D2C20C95}.Debug|x64.ActiveCfg = Debug|Any CPU
		{7A1D1C1E-9B0A-4A13-9578-95E2D2C20C95}.Debug|x64.Build.0 = Debug|Any CPU
		{7A1D1C1E-9B0A-4A13-9578-95E2D2C20C95}.Debug|x86.ActiveCfg = Debug|Any CPU
		{7A1D1C1E-9B0A-4A13-9578-95E2D2C20C95}.Debug|x86.Build.0 = Debug|Any CPU
		{7A1D1C1E-9B0A-4A13-9578-95E2D2C20C95}.Release|Any CPU.ActiveCfg = Release|Any CPU
		{7A1D1C1E-9B0A-4A13-9578-95E2D2C20C95}.Release|Any CPU.Build.0 = Release|Any CPU
		{7A1D1C1E-9B0A-4A13-9578-95E2D2C20C95}.Release|ARM.ActiveCfg = Release|Any CPU
		{7A1D1C1E-9B0A-4A13-9578-95E2D2C20C95}.Release|ARM.Build.0 = Release|Any CPU
		{7A1D1C1E-9B0A-4A13-9578-95E2D2C20C95}.Release|iPhone.ActiveCfg = Release|Any CPU
		{7A1D1C1E-9B0A-4A13-9578-95E2D2C20C95}.Release|iPhone.Build.0 = Release|Any CPU
		{7A1D1C1E-9B0A-4A13-9578-95E2D2C20C95}.Release|iPhoneSimulator.ActiveCfg = Release|Any CPU
		{7A1D1C1E-9B0A-4A13-9578-95E2D2C20C95}.Release|iPhoneSimulator.Build.0 = Release|Any CPU
		{7A1D1C1E-9B0A-4A13-9578-95E2D2C20C95}.Release|x64.ActiveCfg = Release|Any CPU
		{7A1D1C1E-9B0A-4A13-9578-95E2D2C20C95}.Release|x64.Build.0 = Release|Any CPU
		{7A1D1C1E-9B0A-4A13-9578-95E2D2C20C95}.Release|x86.ActiveCfg = Release|Any CPU
		{7A1D1C1E-9B0A-4A13-9578-95E2D2C20C95}.Release|x86.Build.0 = Release|Any CPU
		{34348380-8B7A-4312-B588-D40285C20B01}.Debug|Any CPU.ActiveCfg = Debug|Any CPU
		{34348380-8B7A-4312-B588-D40285C20B01}.Debug|Any CPU.Build.0 = Debug|Any CPU
		{34348380-8B7A-4312-B588-D40285C20B01}.Debug|ARM.ActiveCfg = Debug|Any CPU
		{34348380-8B7A-4312-B588-D40285C20B01}.Debug|ARM.Build.0 = Debug|Any CPU
		{34348380-8B7A-4312-B588-D40285C20B01}.Debug|iPhone.ActiveCfg = Debug|Any CPU
		{34348380-8B7A-4312-B588-D40285C20B01}.Debug|iPhone.Build.0 = Debug|Any CPU
		{34348380-8B7A-4312-B588-D40285C20B01}.Debug|iPhoneSimulator.ActiveCfg = Debug|Any CPU
		{34348380-8B7A-4312-B588-D40285C20B01}.Debug|iPhoneSimulator.Build.0 = Debug|Any CPU
		{34348380-8B7A-4312-B588-D40285C20B01}.Debug|x64.ActiveCfg = Debug|Any CPU
		{34348380-8B7A-4312-B588-D40285C20B01}.Debug|x64.Build.0 = Debug|Any CPU
		{34348380-8B7A-4312-B588-D40285C20B01}.Debug|x86.ActiveCfg = Debug|Any CPU
		{34348380-8B7A-4312-B588-D40285C20B01}.Debug|x86.Build.0 = Debug|Any CPU
		{34348380-8B7A-4312-B588-D40285C20B01}.Release|Any CPU.ActiveCfg = Release|Any CPU
		{34348380-8B7A-4312-B588-D40285C20B01}.Release|Any CPU.Build.0 = Release|Any CPU
		{34348380-8B7A-4312-B588-D40285C20B01}.Release|ARM.ActiveCfg = Release|Any CPU
		{34348380-8B7A-4312-B588-D40285C20B01}.Release|ARM.Build.0 = Release|Any CPU
		{34348380-8B7A-4312-B588-D40285C20B01}.Release|iPhone.ActiveCfg = Release|Any CPU
		{34348380-8B7A-4312-B588-D40285C20B01}.Release|iPhone.Build.0 = Release|Any CPU
		{34348380-8B7A-4312-B588-D40285C20B01}.Release|iPhoneSimulator.ActiveCfg = Release|Any CPU
		{34348380-8B7A-4312-B588-D40285C20B01}.Release|iPhoneSimulator.Build.0 = Release|Any CPU
		{34348380-8B7A-4312-B588-D40285C20B01}.Release|x64.ActiveCfg = Release|Any CPU
		{34348380-8B7A-4312-B588-D40285C20B01}.Release|x64.Build.0 = Release|Any CPU
		{34348380-8B7A-4312-B588-D40285C20B01}.Release|x86.ActiveCfg = Release|Any CPU
		{34348380-8B7A-4312-B588-D40285C20B01}.Release|x86.Build.0 = Release|Any CPU
	EndGlobalSection
	GlobalSection(SolutionProperties) = preSolution
		HideSolutionNode = FALSE
	EndGlobalSection
	GlobalSection(ExtensibilityGlobals) = postSolution
		SolutionGuid = {483BDD9F-3E2A-4DD3-A3C2-36A66B960B79}
	EndGlobalSection
EndGlobal
